
Microsoft Visual Studio Solution File, Format Version 12.00
# Visual Studio Version 16
VisualStudioVersion = 16.0.30523.141
MinimumVisualStudioVersion = 10.0.40219.1
Project("{FAE04EC0-301F-11D3-BF4B-00C04F79EFBC}") = "WcfServiceLibrary1_P10", "WcfServiceLibrary1_P10.csproj", "{9CE53105-78D0-4067-980D-D617B48489B0}"
EndProject
Global
	GlobalSection(SolutionConfigurationPlatforms) = preSolution
		Debug|Any CPU = Debug|Any CPU
		Release|Any CPU = Release|Any CPU
	EndGlobalSection
	GlobalSection(ProjectConfigurationPlatforms) = postSolution
		{9CE53105-78D0-4067-980D-D617B48489B0}.Debug|Any CPU.ActiveCfg = Debug|Any CPU
		{9CE53105-78D0-4067-980D-D617B48489B0}.Debug|Any CPU.Build.0 = Debug|Any CPU
		{9CE53105-78D0-4067-980D-D617B48489B0}.Release|Any CPU.ActiveCfg = Release|Any CPU
		{9CE53105-78D0-4067-980D-D617B48489B0}.Release|Any CPU.Build.0 = Release|Any CPU
	EndGlobalSection
	GlobalSection(SolutionProperties) = preSolution
		HideSolutionNode = FALSE
	EndGlobalSection
	GlobalSection(ExtensibilityGlobals) = postSolution
		SolutionGuid = {00B13417-6500-4CFF-AB76-B3E535518B95}
	EndGlobalSection
EndGlobal
